
Microsoft Visual Studio Solution File, Format Version 12.00
# Visual Studio Version 17
VisualStudioVersion = 17.10.34607.79
MinimumVisualStudioVersion = 10.0.40219.1
Project("{2150E333-8FDC-42A3-9474-1A3956D46DE8}") = "src", "src", "{C738A752-84CC-4456-BD72-B31A8BBCA7C2}"
EndProject
Project("{2150E333-8FDC-42A3-9474-1A3956D46DE8}") = "Hosting", "Hosting", "{24FF3913-6CAD-45A7-8BB3-75E1B801C7C7}"
EndProject
Project("{2150E333-8FDC-42A3-9474-1A3956D46DE8}") = "tests", "tests", "{08130BE3-C4E0-4299-ADCD-211F87E51AB1}"
EndProject
Project("{2150E333-8FDC-42A3-9474-1A3956D46DE8}") = "Microservices", "Microservices", "{074D3F96-0865-438D-9379-D836D9C5A13D}"
EndProject
Project("{9A19103F-16F7-4668-BE54-9A1E7A4F7556}") = "eShop.Domain", "eShop.Domain\eShop.Domain.csproj", "{D3B29859-B464-435F-8F59-B30E91D0104C}"
EndProject
Project("{9A19103F-16F7-4668-BE54-9A1E7A4F7556}") = "eShop.Application", "eShop.Application\eShop.Application.csproj", "{4906C186-914E-4639-AB52-FB98B3B16729}"
EndProject
Project("{9A19103F-16F7-4668-BE54-9A1E7A4F7556}") = "eShop.Infrastructure", "eShop.Infrastucture\eShop.Infrastructure.csproj", "{EE98FE03-5928-4E87-A072-ADD40873AC9E}"
EndProject
Project("{9A19103F-16F7-4668-BE54-9A1E7A4F7556}") = "eShop.Auth.Api", "eShop.Auth.Api\eShop.Auth.Api.csproj", "{A319947C-3A10-40C3-89F3-A9C2A9778A15}"
EndProject
Project("{2150E333-8FDC-42A3-9474-1A3956D46DE8}") = "Common", "Common", "{B613A38A-075A-4881-905E-BB3BBBF2E7BD}"
EndProject
Project("{2150E333-8FDC-42A3-9474-1A3956D46DE8}") = "Presentation", "Presentation", "{F98374CC-05C3-4332-9C94-8340FA0F30AE}"
EndProject
Project("{9A19103F-16F7-4668-BE54-9A1E7A4F7556}") = "eShop.BlazorWebUI", "eShop.BlazorWebUI\eShop.BlazorWebUI.csproj", "{5B1B4D1B-55A3-481D-90AE-626F42801DD5}"
EndProject
Project("{9A19103F-16F7-4668-BE54-9A1E7A4F7556}") = "eShop.Product.Api", "eShop.Product.Api\eShop.Product.Api.csproj", "{628C7868-F50E-4BF1-893B-62F87114E29F}"
EndProject
Project("{9A19103F-16F7-4668-BE54-9A1E7A4F7556}") = "eShop.EmailSender.Api", "eShop.EmailSender.Api\eShop.EmailSender.Api.csproj", "{6EDB4ABB-AAF5-4BE5-A535-D9FF5FB3B83E}"
EndProject
Project("{9A19103F-16F7-4668-BE54-9A1E7A4F7556}") = "eShop.AppHost", "eShop.AppHost\eShop.AppHost.csproj", "{C0668F07-162F-4870-8207-0EA3FAC79DAD}"
EndProject
Project("{9A19103F-16F7-4668-BE54-9A1E7A4F7556}") = "eShop.ServiceDefaults", "eShop.ServiceDefaults\eShop.ServiceDefaults.csproj", "{B8F5BFB0-038B-49F2-A3D1-518BB35B4D3D}"
EndProject
Project("{9A19103F-16F7-4668-BE54-9A1E7A4F7556}") = "eShop.Comments.Api", "eShop.Comments.Api\eShop.Comments.Api.csproj", "{6521BC9F-1951-4C8E-9216-193A25F3C3DF}"
EndProject
Project("{9A19103F-16F7-4668-BE54-9A1E7A4F7556}") = "eShop.Cart.Api", "eShop.Cart.Api\eShop.Cart.Api.csproj", "{FF34FF4A-E9FA-42B4-8C0E-5AEBE61458EA}"
EndProject
Project("{2150E333-8FDC-42A3-9474-1A3956D46DE8}") = "Proxy", "Proxy", "{B69FD745-58C4-46EB-A0A2-1C7242B25750}"
EndProject
Project("{9A19103F-16F7-4668-BE54-9A1E7A4F7556}") = "eShop.Proxy", "eShop.Proxy\eShop.Proxy.csproj", "{4F4C7074-77BA-4A0D-AB71-77B5AD746292}"
EndProject
Project("{54A90642-561A-4BB1-A94E-469ADEE60C69}") = "eShop.AngularWebUI", "eShop.AngularWebUI\eShop.AngularWebUI.esproj", "{A0D750E3-848A-4BE9-9F85-805B6B228091}"
EndProject
Project("{FAE04EC0-301F-11D3-BF4B-00C04F79EFBC}") = "eShop.Files.Api", "eShop.Files.Api\eShop.Files.Api.csproj", "{1F9BA980-B39D-49DD-A4FD-D2FE91A996C1}"
EndProject
Project("{FAE04EC0-301F-11D3-BF4B-00C04F79EFBC}") = "eShop.SmsSender.Api", "eShop.SmsSender.Api\eShop.SmsSender.Api.csproj", "{F142D343-82AD-4B8E-8EB8-F9C86CDF6546}"
EndProject
Project("{FAE04EC0-301F-11D3-BF4B-00C04F79EFBC}") = "eShop.TelegramBot.Api", "eShop.TelegramBot.Api\eShop.TelegramBot.Api.csproj", "{0EAAC853-CF03-4859-95A9-C03A38F161D6}"
EndProject
Global
	GlobalSection(SolutionConfigurationPlatforms) = preSolution
		Debug|Any CPU = Debug|Any CPU
		Release|Any CPU = Release|Any CPU
	EndGlobalSection
	GlobalSection(ProjectConfigurationPlatforms) = postSolution
		{D3B29859-B464-435F-8F59-B30E91D0104C}.Debug|Any CPU.ActiveCfg = Debug|Any CPU
		{D3B29859-B464-435F-8F59-B30E91D0104C}.Debug|Any CPU.Build.0 = Debug|Any CPU
		{D3B29859-B464-435F-8F59-B30E91D0104C}.Release|Any CPU.ActiveCfg = Release|Any CPU
		{D3B29859-B464-435F-8F59-B30E91D0104C}.Release|Any CPU.Build.0 = Release|Any CPU
		{4906C186-914E-4639-AB52-FB98B3B16729}.Debug|Any CPU.ActiveCfg = Debug|Any CPU
		{4906C186-914E-4639-AB52-FB98B3B16729}.Debug|Any CPU.Build.0 = Debug|Any CPU
		{4906C186-914E-4639-AB52-FB98B3B16729}.Release|Any CPU.ActiveCfg = Release|Any CPU
		{4906C186-914E-4639-AB52-FB98B3B16729}.Release|Any CPU.Build.0 = Release|Any CPU
		{EE98FE03-5928-4E87-A072-ADD40873AC9E}.Debug|Any CPU.ActiveCfg = Debug|Any CPU
		{EE98FE03-5928-4E87-A072-ADD40873AC9E}.Debug|Any CPU.Build.0 = Debug|Any CPU
		{EE98FE03-5928-4E87-A072-ADD40873AC9E}.Release|Any CPU.ActiveCfg = Release|Any CPU
		{EE98FE03-5928-4E87-A072-ADD40873AC9E}.Release|Any CPU.Build.0 = Release|Any CPU
		{A319947C-3A10-40C3-89F3-A9C2A9778A15}.Debug|Any CPU.ActiveCfg = Debug|Any CPU
		{A319947C-3A10-40C3-89F3-A9C2A9778A15}.Debug|Any CPU.Build.0 = Debug|Any CPU
		{A319947C-3A10-40C3-89F3-A9C2A9778A15}.Release|Any CPU.ActiveCfg = Release|Any CPU
		{A319947C-3A10-40C3-89F3-A9C2A9778A15}.Release|Any CPU.Build.0 = Release|Any CPU
		{5B1B4D1B-55A3-481D-90AE-626F42801DD5}.Debug|Any CPU.ActiveCfg = Debug|Any CPU
		{5B1B4D1B-55A3-481D-90AE-626F42801DD5}.Debug|Any CPU.Build.0 = Debug|Any CPU
		{5B1B4D1B-55A3-481D-90AE-626F42801DD5}.Release|Any CPU.ActiveCfg = Release|Any CPU
		{5B1B4D1B-55A3-481D-90AE-626F42801DD5}.Release|Any CPU.Build.0 = Release|Any CPU
		{628C7868-F50E-4BF1-893B-62F87114E29F}.Debug|Any CPU.ActiveCfg = Debug|Any CPU
		{628C7868-F50E-4BF1-893B-62F87114E29F}.Debug|Any CPU.Build.0 = Debug|Any CPU
		{628C7868-F50E-4BF1-893B-62F87114E29F}.Release|Any CPU.ActiveCfg = Release|Any CPU
		{628C7868-F50E-4BF1-893B-62F87114E29F}.Release|Any CPU.Build.0 = Release|Any CPU
		{6EDB4ABB-AAF5-4BE5-A535-D9FF5FB3B83E}.Debug|Any CPU.ActiveCfg = Debug|Any CPU
		{6EDB4ABB-AAF5-4BE5-A535-D9FF5FB3B83E}.Debug|Any CPU.Build.0 = Debug|Any CPU
		{6EDB4ABB-AAF5-4BE5-A535-D9FF5FB3B83E}.Release|Any CPU.ActiveCfg = Release|Any CPU
		{6EDB4ABB-AAF5-4BE5-A535-D9FF5FB3B83E}.Release|Any CPU.Build.0 = Release|Any CPU
		{C0668F07-162F-4870-8207-0EA3FAC79DAD}.Debug|Any CPU.ActiveCfg = Debug|Any CPU
		{C0668F07-162F-4870-8207-0EA3FAC79DAD}.Debug|Any CPU.Build.0 = Debug|Any CPU
		{C0668F07-162F-4870-8207-0EA3FAC79DAD}.Release|Any CPU.ActiveCfg = Release|Any CPU
		{C0668F07-162F-4870-8207-0EA3FAC79DAD}.Release|Any CPU.Build.0 = Release|Any CPU
		{B8F5BFB0-038B-49F2-A3D1-518BB35B4D3D}.Debug|Any CPU.ActiveCfg = Debug|Any CPU
		{B8F5BFB0-038B-49F2-A3D1-518BB35B4D3D}.Debug|Any CPU.Build.0 = Debug|Any CPU
		{B8F5BFB0-038B-49F2-A3D1-518BB35B4D3D}.Release|Any CPU.ActiveCfg = Release|Any CPU
		{B8F5BFB0-038B-49F2-A3D1-518BB35B4D3D}.Release|Any CPU.Build.0 = Release|Any CPU
		{6521BC9F-1951-4C8E-9216-193A25F3C3DF}.Debug|Any CPU.ActiveCfg = Debug|Any CPU
		{6521BC9F-1951-4C8E-9216-193A25F3C3DF}.Debug|Any CPU.Build.0 = Debug|Any CPU
		{6521BC9F-1951-4C8E-9216-193A25F3C3DF}.Release|Any CPU.ActiveCfg = Release|Any CPU
		{6521BC9F-1951-4C8E-9216-193A25F3C3DF}.Release|Any CPU.Build.0 = Release|Any CPU
		{FF34FF4A-E9FA-42B4-8C0E-5AEBE61458EA}.Debug|Any CPU.ActiveCfg = Debug|Any CPU
		{FF34FF4A-E9FA-42B4-8C0E-5AEBE61458EA}.Debug|Any CPU.Build.0 = Debug|Any CPU
		{FF34FF4A-E9FA-42B4-8C0E-5AEBE61458EA}.Release|Any CPU.ActiveCfg = Release|Any CPU
		{FF34FF4A-E9FA-42B4-8C0E-5AEBE61458EA}.Release|Any CPU.Build.0 = Release|Any CPU
		{4F4C7074-77BA-4A0D-AB71-77B5AD746292}.Debug|Any CPU.ActiveCfg = Debug|Any CPU
		{4F4C7074-77BA-4A0D-AB71-77B5AD746292}.Debug|Any CPU.Build.0 = Debug|Any CPU
		{4F4C7074-77BA-4A0D-AB71-77B5AD746292}.Release|Any CPU.ActiveCfg = Release|Any CPU
		{4F4C7074-77BA-4A0D-AB71-77B5AD746292}.Release|Any CPU.Build.0 = Release|Any CPU
		{A0D750E3-848A-4BE9-9F85-805B6B228091}.Debug|Any CPU.ActiveCfg = Debug|Any CPU
		{A0D750E3-848A-4BE9-9F85-805B6B228091}.Debug|Any CPU.Build.0 = Debug|Any CPU
		{A0D750E3-848A-4BE9-9F85-805B6B228091}.Debug|Any CPU.Deploy.0 = Debug|Any CPU
		{A0D750E3-848A-4BE9-9F85-805B6B228091}.Release|Any CPU.ActiveCfg = Release|Any CPU
		{A0D750E3-848A-4BE9-9F85-805B6B228091}.Release|Any CPU.Build.0 = Release|Any CPU
		{A0D750E3-848A-4BE9-9F85-805B6B228091}.Release|Any CPU.Deploy.0 = Release|Any CPU
		{1F9BA980-B39D-49DD-A4FD-D2FE91A996C1}.Debug|Any CPU.ActiveCfg = Debug|Any CPU
		{1F9BA980-B39D-49DD-A4FD-D2FE91A996C1}.Debug|Any CPU.Build.0 = Debug|Any CPU
		{1F9BA980-B39D-49DD-A4FD-D2FE91A996C1}.Release|Any CPU.ActiveCfg = Release|Any CPU
		{1F9BA980-B39D-49DD-A4FD-D2FE91A996C1}.Release|Any CPU.Build.0 = Release|Any CPU
		{F142D343-82AD-4B8E-8EB8-F9C86CDF6546}.Debug|Any CPU.ActiveCfg = Debug|Any CPU
		{F142D343-82AD-4B8E-8EB8-F9C86CDF6546}.Debug|Any CPU.Build.0 = Debug|Any CPU
		{F142D343-82AD-4B8E-8EB8-F9C86CDF6546}.Release|Any CPU.ActiveCfg = Release|Any CPU
		{F142D343-82AD-4B8E-8EB8-F9C86CDF6546}.Release|Any CPU.Build.0 = Release|Any CPU
		{0EAAC853-CF03-4859-95A9-C03A38F161D6}.Debug|Any CPU.ActiveCfg = Debug|Any CPU
		{0EAAC853-CF03-4859-95A9-C03A38F161D6}.Debug|Any CPU.Build.0 = Debug|Any CPU
		{0EAAC853-CF03-4859-95A9-C03A38F161D6}.Release|Any CPU.ActiveCfg = Release|Any CPU
		{0EAAC853-CF03-4859-95A9-C03A38F161D6}.Release|Any CPU.Build.0 = Release|Any CPU
	EndGlobalSection
	GlobalSection(SolutionProperties) = preSolution
		HideSolutionNode = FALSE
	EndGlobalSection
	GlobalSection(NestedProjects) = preSolution
		{24FF3913-6CAD-45A7-8BB3-75E1B801C7C7} = {C738A752-84CC-4456-BD72-B31A8BBCA7C2}
		{074D3F96-0865-438D-9379-D836D9C5A13D} = {C738A752-84CC-4456-BD72-B31A8BBCA7C2}
		{D3B29859-B464-435F-8F59-B30E91D0104C} = {B613A38A-075A-4881-905E-BB3BBBF2E7BD}
		{4906C186-914E-4639-AB52-FB98B3B16729} = {B613A38A-075A-4881-905E-BB3BBBF2E7BD}
		{EE98FE03-5928-4E87-A072-ADD40873AC9E} = {B613A38A-075A-4881-905E-BB3BBBF2E7BD}
		{A319947C-3A10-40C3-89F3-A9C2A9778A15} = {074D3F96-0865-438D-9379-D836D9C5A13D}
		{B613A38A-075A-4881-905E-BB3BBBF2E7BD} = {C738A752-84CC-4456-BD72-B31A8BBCA7C2}
		{F98374CC-05C3-4332-9C94-8340FA0F30AE} = {C738A752-84CC-4456-BD72-B31A8BBCA7C2}
		{5B1B4D1B-55A3-481D-90AE-626F42801DD5} = {F98374CC-05C3-4332-9C94-8340FA0F30AE}
		{628C7868-F50E-4BF1-893B-62F87114E29F} = {074D3F96-0865-438D-9379-D836D9C5A13D}
		{6EDB4ABB-AAF5-4BE5-A535-D9FF5FB3B83E} = {074D3F96-0865-438D-9379-D836D9C5A13D}
		{C0668F07-162F-4870-8207-0EA3FAC79DAD} = {24FF3913-6CAD-45A7-8BB3-75E1B801C7C7}
		{B8F5BFB0-038B-49F2-A3D1-518BB35B4D3D} = {24FF3913-6CAD-45A7-8BB3-75E1B801C7C7}
		{6521BC9F-1951-4C8E-9216-193A25F3C3DF} = {074D3F96-0865-438D-9379-D836D9C5A13D}
		{FF34FF4A-E9FA-42B4-8C0E-5AEBE61458EA} = {074D3F96-0865-438D-9379-D836D9C5A13D}
		{B69FD745-58C4-46EB-A0A2-1C7242B25750} = {C738A752-84CC-4456-BD72-B31A8BBCA7C2}
		{4F4C7074-77BA-4A0D-AB71-77B5AD746292} = {B69FD745-58C4-46EB-A0A2-1C7242B25750}
		{A0D750E3-848A-4BE9-9F85-805B6B228091} = {F98374CC-05C3-4332-9C94-8340FA0F30AE}
		{1F9BA980-B39D-49DD-A4FD-D2FE91A996C1} = {074D3F96-0865-438D-9379-D836D9C5A13D}
		{F142D343-82AD-4B8E-8EB8-F9C86CDF6546} = {074D3F96-0865-438D-9379-D836D9C5A13D}
		{0EAAC853-CF03-4859-95A9-C03A38F161D6} = {074D3F96-0865-438D-9379-D836D9C5A13D}
	EndGlobalSection
	GlobalSection(ExtensibilityGlobals) = postSolution
		SolutionGuid = {EFA1E0D7-C795-49E5-BC36-F86C4991E09D}
	EndGlobalSection
EndGlobal
